
Microsoft Visual Studio Solution File, Format Version 12.00
# Visual Studio Version 17
VisualStudioVersion = 17.0.31903.59
MinimumVisualStudioVersion = 10.0.40219.1
Project("{FAE04EC0-301F-11D3-BF4B-00C04F79EFBC}") = "UniversityManagement.Application", "src\UniversityManagement.Application\UniversityManagement.Application.csproj", "{111BB636-3AC1-49DD-B6B9-0738344914D6}"
EndProject
Project("{FAE04EC0-301F-11D3-BF4B-00C04F79EFBC}") = "UniversityManagement.Domain", "src\UniversityManagement.Domain\UniversityManagement.Domain.csproj", "{FB79DAA2-BD44-4361-A0A1-33213094A1A2}"
EndProject
Project("{FAE04EC0-301F-11D3-BF4B-00C04F79EFBC}") = "UniversityManagement.Infrastructure", "src\UniversityManagement.Infrastructure\UniversityManagement.Infrastructure.csproj", "{D064C942-C62F-4D56-91C8-0122328195E6}"
EndProject
Project("{2150E333-8FDC-42A3-9474-1A3956D46DE8}") = "Solution Items", "Solution Items", "{511C35BE-407C-4E97-B383-883FF86B6D0F}"
	ProjectSection(SolutionItems) = preProject
		.gitignore = .gitignore
		docker-compose.yml = docker-compose.yml
	EndProjectSection
EndProject
Project("{FAE04EC0-301F-11D3-BF4B-00C04F79EFBC}") = "UniversityManagement.API", "src\UniversityManagement.API\UniversityManagement.API.csproj", "{67CE1030-886B-4BA2-9BCA-0D3E2C651046}"
EndProject
Global
	GlobalSection(SolutionConfigurationPlatforms) = preSolution
		Debug|Any CPU = Debug|Any CPU
		Release|Any CPU = Release|Any CPU
	EndGlobalSection
	GlobalSection(ProjectConfigurationPlatforms) = postSolution
		{111BB636-3AC1-49DD-B6B9-0738344914D6}.Debug|Any CPU.ActiveCfg = Debug|Any CPU
		{111BB636-3AC1-49DD-B6B9-0738344914D6}.Debug|Any CPU.Build.0 = Debug|Any CPU
		{111BB636-3AC1-49DD-B6B9-0738344914D6}.Release|Any CPU.ActiveCfg = Release|Any CPU
		{111BB636-3AC1-49DD-B6B9-0738344914D6}.Release|Any CPU.Build.0 = Release|Any CPU
		{FB79DAA2-BD44-4361-A0A1-33213094A1A2}.Debug|Any CPU.ActiveCfg = Debug|Any CPU
		{FB79DAA2-BD44-4361-A0A1-33213094A1A2}.Debug|Any CPU.Build.0 = Debug|Any CPU
		{FB79DAA2-BD44-4361-A0A1-33213094A1A2}.Release|Any CPU.ActiveCfg = Release|Any CPU
		{FB79DAA2-BD44-4361-A0A1-33213094A1A2}.Release|Any CPU.Build.0 = Release|Any CPU
		{D064C942-C62F-4D56-91C8-0122328195E6}.Debug|Any CPU.ActiveCfg = Debug|Any CPU
		{D064C942-C62F-4D56-91C8-0122328195E6}.Debug|Any CPU.Build.0 = Debug|Any CPU
		{D064C942-C62F-4D56-91C8-0122328195E6}.Release|Any CPU.ActiveCfg = Release|Any CPU
		{D064C942-C62F-4D56-91C8-0122328195E6}.Release|Any CPU.Build.0 = Release|Any CPU
		{67CE1030-886B-4BA2-9BCA-0D3E2C651046}.Debug|Any CPU.ActiveCfg = Debug|Any CPU
		{67CE1030-886B-4BA2-9BCA-0D3E2C651046}.Debug|Any CPU.Build.0 = Debug|Any CPU
		{67CE1030-886B-4BA2-9BCA-0D3E2C651046}.Release|Any CPU.ActiveCfg = Release|Any CPU
		{67CE1030-886B-4BA2-9BCA-0D3E2C651046}.Release|Any CPU.Build.0 = Release|Any CPU
	EndGlobalSection
	GlobalSection(SolutionProperties) = preSolution
		HideSolutionNode = FALSE
	EndGlobalSection
EndGlobal
